Microsoft Visual Studio Solution File, Format Version 12.00
# Visual Studio Version 17
VisualStudioVersion = 17.5.2.0
MinimumVisualStudioVersion = 10.0.40219.1
Project("{2150E333-8FDC-42A3-9474-1A3956D46DE8}") = "backend", "backend", "{1AE8ACA6-933B-BF2A-3671-3E2EAC007D16}"
EndProject
Project("{FAE04EC0-301F-11D3-BF4B-00C04F79EFBC}") = "PipelineApi", "backend\PipelineApi\PipelineApi.csproj", "{1BB408C2-71A6-806F-28D4-F64EC4FB0FC5}"
EndProject
Global
	GlobalSection(SolutionConfigurationPlatforms) = preSolution
		Debug|Any CPU = Debug|Any CPU
		Release|Any CPU = Release|Any CPU
	EndGlobalSection
	GlobalSection(ProjectConfigurationPlatforms) = postSolution
		{1BB408C2-71A6-806F-28D4-F64EC4FB0FC5}.Debug|Any CPU.ActiveCfg = Debug|Any CPU
		{1BB408C2-71A6-806F-28D4-F64EC4FB0FC5}.Debug|Any CPU.Build.0 = Debug|Any CPU
		{1BB408C2-71A6-806F-28D4-F64EC4FB0FC5}.Release|Any CPU.ActiveCfg = Release|Any CPU
		{1BB408C2-71A6-806F-28D4-F64EC4FB0FC5}.Release|Any CPU.Build.0 = Release|Any CPU
	EndGlobalSection
	GlobalSection(SolutionProperties) = preSolution
		HideSolutionNode = FALSE
	EndGlobalSection
	GlobalSection(NestedProjects) = preSolution
		{1BB408C2-71A6-806F-28D4-F64EC4FB0FC5} = {1AE8ACA6-933B-BF2A-3671-3E2EAC007D16}
	EndGlobalSection
	GlobalSection(ExtensibilityGlobals) = postSolution
		SolutionGuid = {8AD0E68F-06E0-4888-8623-44A4C207CB5F}
	EndGlobalSection
EndGlobal
